version: 1
generated_at: 2026-05-25T13:16:45Z
internal: []
trusted:
  - action: actions/checkout
    refs:
      - v2
    occurrences:
      v2:
        .github/workflows/elixir.yml:
          - jobs.test.steps.[0].uses
external:
  - action: erlef/setup-beam
    refs:
      - v1
    occurrences:
      v1:
        .github/workflows/elixir.yml:
          - jobs.test.steps.[1].uses
local: []
docker: []
dynamic: []
