version: 1
generated_at: 2026-05-25T15:46:17Z
internal: []
trusted:
  - action: actions/checkout
    refs:
      - v2
    occurrences:
      v2:
        .github/workflows/elixir.yml:
          - jobs.test.steps.[0].uses
external:
  - action: erlef/setup-beam
    refs:
      - fc68ffb90438ef2936bbb3251622353b3dcb2f93
    occurrences:
      fc68ffb90438ef2936bbb3251622353b3dcb2f93:
        .github/workflows/elixir.yml:
          - jobs.test.steps.[1].uses
local: []
docker: []
dynamic: []
